// !$*UTF8*$!
{
	archiveVersion = 1;
	classes = {
	};
	objectVersion = 46;
	objects = {

/* Begin PBXBuildFile section */
		28A4B2A51BB20A3B007F35CD /* AppDelegate.swift in Sources */ = {isa = PBXBuildFile; fileRef = 28A4B2A41BB20A3B007F35CD /* AppDelegate.swift */; };
		28A4B2A81BB20A3B007F35CD /* Where_Are_They_From_.xcdatamodeld in Sources */ = {isa = PBXBuildFile; fileRef = 28A4B2A61BB20A3B007F35CD /* Where_Are_They_From_.xcdatamodeld */; };
		28A4B2AA1BB20A3B007F35CD /* ViewController.swift in Sources */ = {isa = PBXBuildFile; fileRef = 28A4B2A91BB20A3B007F35CD /* ViewController.swift */; };
		28A4B2AD1BB20A3B007F35CD /* Main.storyboard in Resources */ = {isa = PBXBuildFile; fileRef = 28A4B2AB1BB20A3B007F35CD /* Main.storyboard */; };
		28A4B2AF1BB20A3B007F35CD /* Images.xcassets in Resources */ = {isa = PBXBuildFile; fileRef = 28A4B2AE1BB20A3B007F35CD /* Images.xcassets */; };
		28A4B2B21BB20A3B007F35CD /* LaunchScreen.xib in Resources */ = {isa = PBXBuildFile; fileRef = 28A4B2B01BB20A3B007F35CD /* LaunchScreen.xib */; };
		28A4B2BE1BB20A3B007F35CD /* Where_Are_They_From_Tests.swift in Sources */ = {isa = PBXBuildFile; fileRef = 28A4B2BD1BB20A3B007F35CD /* Where_Are_They_From_Tests.swift */; };
/* End PBXBuildFile section */

/* Begin PBXContainerItemProxy section */
		28A4B2B81BB20A3B007F35CD /* PBXContainerItemProxy */ = {
			isa = PBXContainerItemProxy;
			containerPortal = 28A4B2971BB20A3A007F35CD /* Project object */;
			proxyType = 1;
			remoteGlobalIDString = 28A4B29E1BB20A3B007F35CD;
			remoteInfo = "Where Are They From?";
		};
/* End PBXContainerItemProxy section */

/* Begin PBXFileReference section */
		28A4B29F1BB20A3B007F35CD /* Where Are They From?.app */ = {isa = PBXFileReference; explicitFileType = wrapper.application; includeInIndex = 0; path = "Where Are They From?.app"; sourceTree = BUILT_PRODUCTS_DIR; };
		28A4B2A31BB20A3B007F35CD /* Info.plist */ = {isa = PBXFileReference; lastKnownFileType = text.plist.xml; path = Info.plist; sourceTree = "<group>"; };
		28A4B2A41BB20A3B007F35CD /* AppDelegate.swift */ = {isa = PBXFileReference; lastKnownFileType = sourcecode.swift; path = AppDelegate.swift; sourceTree = "<group>"; };
		28A4B2A71BB20A3B007F35CD /* Where_Are_They_From_.xcdatamodel */ = {isa = PBXFileReference; lastKnownFileType = wrapper.xcdatamodel; path = Where_Are_They_From_.xcdatamodel; sourceTree = "<group>"; };
		28A4B2A91BB20A3B007F35CD /* ViewController.swift */ = {isa = PBXFileReference; lastKnownFileType = sourcecode.swift; path = ViewController.swift; sourceTree = "<group>"; };
		28A4B2AC1BB20A3B007F35CD /* Base */ = {isa = PBXFileReference; lastKnownFileType = file.storyboard; name = Base; path = Base.lproj/Main.storyboard; sourceTree = "<group>"; };
		28A4B2AE1BB20A3B007F35CD /* Images.xcassets */ = {isa = PBXFileReference; lastKnownFileType = folder.assetcatalog; path = Images.xcassets; sourceTree = "<group>"; };
		28A4B2B11BB20A3B007F35CD /* Base */ = {isa = PBXFileReference; lastKnownFileType = file.xib; name = Base; path = Base.lproj/LaunchScreen.xib; sourceTree = "<group>"; };
		28A4B2B71BB20A3B007F35CD /* Where Are They From?Tests.xctest */ = {isa = PBXFileReference; explicitFileType = wrapper.cfbundle; includeInIndex = 0; path = "Where Are They From?Tests.xctest"; sourceTree = BUILT_PRODUCTS_DIR; };
		28A4B2BC1BB20A3B007F35CD /* Info.plist */ = {isa = PBXFileReference; lastKnownFileType = text.plist.xml; path = Info.plist; sourceTree = "<group>"; };
		28A4B2BD1BB20A3B007F35CD /* Where_Are_They_From_Tests.swift */ = {isa = PBXFileReference; lastKnownFileType = sourcecode.swift; path = Where_Are_They_From_Tests.swift; sourceTree = "<group>"; };
/* End PBXFileReference section */

/* Begin PBXFrameworksBuildPhase section */
		28A4B29C1BB20A3B007F35CD /* Frameworks */ = {
			isa = PBXFrameworksBuildPhase;
			buildActionMask = 2147483647;
			files = (
			);
			runOnlyForDeploymentPostprocessing = 0;
		};
		28A4B2B41BB20A3B007F35CD /* Frameworks */ = {
			isa = PBXFrameworksBuildPhase;
			buildActionMask = 2147483647;
			files = (
			);
			runOnlyForDeploymentPostprocessing = 0;
		};
/* End PBXFrameworksBuildPhase section */

/* Begin PBXGroup section */
		28A4B2961BB20A3A007F35CD = {
			isa = PBXGroup;
			children = (
				28A4B2A11BB20A3B007F35CD /* Where Are They From? */,
				28A4B2BA1BB20A3B007F35CD /* Where Are They From?Tests */,
				28A4B2A01BB20A3B007F35CD /* Products */,
			);
			sourceTree = "<group>";
		};
		28A4B2A01BB20A3B007F35CD /* Products */ = {
			isa = PBXGroup;
			children = (
				28A4B29F1BB20A3B007F35CD /* Where Are They From?.app */,
				28A4B2B71BB20A3B007F35CD /* Where Are They From?Tests.xctest */,
			);
			name = Products;
			sourceTree = "<group>";
		};
		28A4B2A11BB20A3B007F35CD /* Where Are They From? */ = {
			isa = PBXGroup;
			children = (
				28A4B2A41BB20A3B007F35CD /* AppDelegate.swift */,
				28A4B2A91BB20A3B007F35CD /* ViewController.swift */,
				28A4B2AB1BB20A3B007F35CD /* Main.storyboard */,
				28A4B2AE1BB20A3B007F35CD /* Images.xcassets */,
				28A4B2B01BB20A3B007F35CD /* LaunchScreen.xib */,
				28A4B2A61BB20A3B007F35CD /* Where_Are_They_From_.xcdatamodeld */,
				28A4B2A21BB20A3B007F35CD /* Supporting Files */,
			);
			path = "Where Are They From?";
			sourceTree = "<group>";
		};
		28A4B2A21BB20A3B007F35CD /* Supporting Files */ = {
			isa = PBXGroup;
			children = (
				28A4B2A31BB20A3B007F35CD /* Info.plist */,
			);
			name = "Supporting Files";
			sourceTree = "<group>";
		};
		28A4B2BA1BB20A3B007F35CD /* Where Are They From?Tests */ = {
			isa = PBXGroup;
			children = (
				28A4B2BD1BB20A3B007F35CD /* Where_Are_They_From_Tests.swift */,
				28A4B2BB1BB20A3B007F35CD /* Supporting Files */,
			);
			path = "Where Are They From?Tests";
			sourceTree = "<group>";
		};
		28A4B2BB1BB20A3B007F35CD /* Supporting Files */ = {
			isa = PBXGroup;
			children = (
				28A4B2BC1BB20A3B007F35CD /* Info.plist */,
			);
			name = "Supporting Files";
			sourceTree = "<group>";
		};
/* End PBXGroup section */

/* Begin PBXNativeTarget section */
		28A4B29E1BB20A3B007F35CD /* Where Are They From? */ = {
			isa = PBXNativeTarget;
			buildConfigurationList = 28A4B2C11BB20A3B007F35CD /* Build configuration list for PBXNativeTarget "Where Are They From?" */;
			buildPhases = (
				28A4B29B1BB20A3B007F35CD /* Sources */,
				28A4B29C1BB20A3B007F35CD /* Frameworks */,
				28A4B29D1BB20A3B007F35CD /* Resources */,
			);
			buildRules = (
			);
			dependencies = (
			);
			name = "Where Are They From?";
			productName = "Where Are They From?";
			productReference = 28A4B29F1BB20A3B007F35CD /* Where Are They From?.app */;
			productType = "com.apple.product-type.application";
		};
		28A4B2B61BB20A3B007F35CD /* Where Are They From?Tests */ = {
			isa = PBXNativeTarget;
			buildConfigurationList = 28A4B2C41BB20A3B007F35CD /* Build configuration list for PBXNativeTarget "Where Are They From?Tests" */;
			buildPhases = (
				28A4B2B31BB20A3B007F35CD /* Sources */,
				28A4B2B41BB20A3B007F35CD /* Frameworks */,
				28A4B2B51BB20A3B007F35CD /* Resources */,
			);
			buildRules = (
			);
			dependencies = (
				28A4B2B91BB20A3B007F35CD /* PBXTargetDependency */,
			);
			name = "Where Are They From?Tests";
			productName = "Where Are They From?Tests";
			productReference = 28A4B2B71BB20A3B007F35CD /* Where Are They From?Tests.xctest */;
			productType = "com.apple.product-type.bundle.unit-test";
		};
/* End PBXNativeTarget section */

/* Begin PBXProject section */
		28A4B2971BB20A3A007F35CD /* Project object */ = {
			isa = PBXProject;
			attributes = {
				LastUpgradeCheck = 0640;
				TargetAttributes = {
					28A4B29E1BB20A3B007F35CD = {
						CreatedOnToolsVersion = 6.4;
					};
					28A4B2B61BB20A3B007F35CD = {
						CreatedOnToolsVersion = 6.4;
						TestTargetID = 28A4B29E1BB20A3B007F35CD;
					};
				};
			};
			buildConfigurationList = 28A4B29A1BB20A3A007F35CD /* Build configuration list for PBXProject "Where Are They From?" */;
			compatibilityVersion = "Xcode 3.2";
			developmentRegion = English;
			hasScannedForEncodings = 0;
			knownRegions = (
				en,
				Base,
			);
			mainGroup = 28A4B2961BB20A3A007F35CD;
			productRefGroup = 28A4B2A01BB20A3B007F35CD /* Products */;
			projectDirPath = "";
			projectRoot = "";
			targets = (
				28A4B29E1BB20A3B007F35CD /* Where Are They From? */,
				28A4B2B61BB20A3B007F35CD /* Where Are They From?Tests */,
			);
		};
/* End PBXProject section */

/* Begin PBXResourcesBuildPhase section */
		28A4B29D1BB20A3B007F35CD /* Resources */ = {
			isa = PBXResourcesBuildPhase;
			buildActionMask = 2147483647;
			files = (
				28A4B2AD1BB20A3B007F35CD /* Main.storyboard in Resources */,
				28A4B2B21BB20A3B007F35CD /* LaunchScreen.xib in Resources */,
				28A4B2AF1BB20A3B007F35CD /* Images.xcassets in Resources */,
			);
			runOnlyForDeploymentPostprocessing = 0;
		};
		28A4B2B51BB20A3B007F35CD /* Resources */ = {
			isa = PBXResourcesBuildPhase;
			buildActionMask = 2147483647;
			files = (
			);
			runOnlyForDeploymentPostprocessing = 0;
		};
/* End PBXResourcesBuildPhase section */

/* Begin PBXSourcesBuildPhase section */
		28A4B29B1BB20A3B007F35CD /* Sources */ = {
			isa = PBXSourcesBuildPhase;
			buildActionMask = 2147483647;
			files = (
				28A4B2AA1BB20A3B007F35CD /* ViewController.swift in Sources */,
				28A4B2A81BB20A3B007F35CD /* Where_Are_They_From_.xcdatamodeld in Sources */,
				28A4B2A51BB20A3B007F35CD /* AppDelegate.swift in Sources */,
			);
			runOnlyForDeploymentPostprocessing = 0;
		};
		28A4B2B31BB20A3B007F35CD /* Sources */ = {
			isa = PBXSourcesBuildPhase;
			buildActionMask = 2147483647;
			files = (
				28A4B2BE1BB20A3B007F35CD /* Where_Are_They_From_Tests.swift in Sources */,
			);
			runOnlyForDeploymentPostprocessing = 0;
		};
/* End PBXSourcesBuildPhase section */

/* Begin PBXTargetDependency section */
		28A4B2B91BB20A3B007F35CD /* PBXTargetDependency */ = {
			isa = PBXTargetDependency;
			target = 28A4B29E1BB20A3B007F35CD /* Where Are They From? */;
			targetProxy = 28A4B2B81BB20A3B007F35CD /* PBXContainerItemProxy */;
		};
/* End PBXTargetDependency section */

/* Begin PBXVariantGroup section */
		28A4B2AB1BB20A3B007F35CD /* Main.storyboard */ = {
			isa = PBXVariantGroup;
			children = (
				28A4B2AC1BB20A3B007F35CD /* Base */,
			);
			name = Main.storyboard;
			sourceTree = "<group>";
		};
		28A4B2B01BB20A3B007F35CD /* LaunchScreen.xib */ = {
			isa = PBXVariantGroup;
			children = (
				28A4B2B11BB20A3B007F35CD /* Base */,
			);
			name = LaunchScreen.xib;
			sourceTree = "<group>";
		};
/* End PBXVariantGroup section */

/* Begin XCBuildConfiguration section */
		28A4B2BF1BB20A3B007F35CD /* Debug */ = {
			isa = XCBuildConfiguration;
			buildSettings = {
				ALWAYS_SEARCH_USER_PATHS = NO;
				CLANG_CXX_LANGUAGE_STANDARD = "gnu++0x";
				CLANG_CXX_LIBRARY = "libc++";
				CLANG_ENABLE_MODULES = YES;
				CLANG_ENABLE_OBJC_ARC = YES;
				CLANG_WARN_BOOL_CONVERSION = YES;
				CLANG_WARN_CONSTANT_CONVERSION = YES;
				CLANG_WARN_DIRECT_OBJC_ISA_USAGE = YES_ERROR;
				CLANG_WARN_EMPTY_BODY = YES;
				CLANG_WARN_ENUM_CONVERSION = YES;
				CLANG_WARN_INT_CONVERSION = YES;
				CLANG_WARN_OBJC_ROOT_CLASS = YES_ERROR;
				CLANG_WARN_UNREACHABLE_CODE = YES;
				CLANG_WARN__DUPLICATE_METHOD_MATCH = YES;
				"CODE_SIGN_IDENTITY[sdk=iphoneos*]" = "iPhone Developer";
				COPY_PHASE_STRIP = NO;
				DEBUG_INFORMATION_FORMAT = "dwarf-with-dsym";
				ENABLE_STRICT_OBJC_MSGSEND = YES;
				GCC_C_LANGUAGE_STANDARD = gnu99;
				GCC_DYNAMIC_NO_PIC = NO;
				GCC_NO_COMMON_BLOCKS = YES;
				GCC_OPTIMIZATION_LEVEL = 0;
				GCC_PREPROCESSOR_DEFINITIONS = (
					"DEBUG=1",
					"$(inherited)",
				);
				GCC_SYMBOLS_PRIVATE_EXTERN = NO;
				GCC_WARN_64_TO_32_BIT_CONVERSION = YES;
				GCC_WARN_ABOUT_RETURN_TYPE = YES_ERROR;
				GCC_WARN_UNDECLARED_SELECTOR = YES;
				GCC_WARN_UNINITIALIZED_AUTOS = YES_AGGRESSIVE;
				GCC_WARN_UNUSED_FUNCTION = YES;
				GCC_WARN_UNUSED_VARIABLE = YES;
				IPHONEOS_DEPLOYMENT_TARGET = 8.4;
				MTL_ENABLE_DEBUG_INFO = YES;
				ONLY_ACTIVE_ARCH = YES;
				SDKROOT = iphoneos;
				SWIFT_OPTIMIZATION_LEVEL = "-Onone";
				TARGETED_DEVICE_FAMILY = "1,2";
			};
			name = Debug;
		};
		28A4B2C01BB20A3B007F35CD /* Release */ = {
			isa = XCBuildConfiguration;
			buildSettings = {
				ALWAYS_SEARCH_USER_PATHS = NO;
				CLANG_CXX_LANGUAGE_STANDARD = "gnu++0x";
				CLANG_CXX_LIBRARY = "libc++";
				CLANG_ENABLE_MODULES = YES;
				CLANG_ENABLE_OBJC_ARC = YES;
				CLANG_WARN_BOOL_CONVERSION = YES;
				CLANG_WARN_CONSTANT_CONVERSION = YES;
				CLANG_WARN_DIRECT_OBJC_ISA_USAGE = YES_ERROR;
				CLANG_WARN_EMPTY_BODY = YES;
				CLANG_WARN_ENUM_CONVERSION = YES;
				CLANG_WARN_INT_CONVERSION = YES;
				CLANG_WARN_OBJC_ROOT_CLASS = YES_ERROR;
				CLANG_WARN_UNREACHABLE_CODE = YES;
				CLANG_WARN__DUPLICATE_METHOD_MATCH = YES;
				"CODE_SIGN_IDENTITY[sdk=iphoneos*]" = "iPhone Developer";
				COPY_PHASE_STRIP = NO;
				DEBUG_INFORMATION_FORMAT = "dwarf-with-dsym";
				ENABLE_NS_ASSERTIONS = NO;
				ENABLE_STRICT_OBJC_MSGSEND = YES;
				GCC_C_LANGUAGE_STANDARD = gnu99;
				GCC_NO_COMMON_BLOCKS = YES;
				GCC_WARN_64_TO_32_BIT_CONVERSION = YES;
				GCC_WARN_ABOUT_RETURN_TYPE = YES_ERROR;
				GCC_WARN_UNDECLARED_SELECTOR = YES;
				GCC_WARN_UNINITIALIZED_AUTOS = YES_AGGRESSIVE;
				GCC_WARN_UNUSED_FUNCTION = YES;
				GCC_WARN_UNUSED_VARIABLE = YES;
				IPHONEOS_DEPLOYMENT_TARGET = 8.4;
				MTL_ENABLE_DEBUG_INFO = NO;
				SDKROOT = iphoneos;
				TARGETED_DEVICE_FAMILY = "1,2";
				VALIDATE_PRODUCT = YES;
			};
			name = Release;
		};
		28A4B2C21BB20A3B007F35CD /* Debug */ = {
			isa = XCBuildConfiguration;
			buildSettings = {
				ASSETCATALOG_COMPILER_APPICON_NAME = AppIcon;
				INFOPLIST_FILE = "Where Are They From?/Info.plist";
				LD_RUNPATH_SEARCH_PATHS = "$(inherited) @executable_path/Frameworks";
				PRODUCT_NAME = "$(TARGET_NAME)";
			};
			name = Debug;
		};
		28A4B2C31BB20A3B007F35CD /* Release */ = {
			isa = XCBuildConfiguration;
			buildSettings = {
				ASSETCATALOG_COMPILER_APPICON_NAME = AppIcon;
				INFOPLIST_FILE = "Where Are They From?/Info.plist";
				LD_RUNPATH_SEARCH_PATHS = "$(inherited) @executable_path/Frameworks";
				PRODUCT_NAME = "$(TARGET_NAME)";
			};
			name = Release;
		};
		28A4B2C51BB20A3B007F35CD /* Debug */ = {
			isa = XCBuildConfiguration;
			buildSettings = {
				BUNDLE_LOADER = "$(TEST_HOST)";
				FRAMEWORK_SEARCH_PATHS = (
					"$(SDKROOT)/Developer/Library/Frameworks",
					"$(inherited)",
				);
				GCC_PREPROCESSOR_DEFINITIONS = (
					"DEBUG=1",
					"$(inherited)",
				);
				INFOPLIST_FILE = "Where Are They From?Tests/Info.plist";
				LD_RUNPATH_SEARCH_PATHS = "$(inherited) @executable_path/Frameworks @loader_path/Frameworks";
				PRODUCT_NAME = "$(TARGET_NAME)";
				TEST_HOST = "$(BUILT_PRODUCTS_DIR)/Where Are They From?.app/Where Are They From?";
			};
			name = Debug;
		};
		28A4B2C61BB20A3B007F35CD /* Release */ = {
			isa = XCBuildConfiguration;
			buildSettings = {
				BUNDLE_LOADER = "$(TEST_HOST)";
				FRAMEWORK_SEARCH_PATHS = (
					"$(SDKROOT)/Developer/Library/Frameworks",
					"$(inherited)",
				);
				INFOPLIST_FILE = "Where Are They From?Tests/Info.plist";
				LD_RUNPATH_SEARCH_PATHS = "$(inherited) @executable_path/Frameworks @loader_path/Frameworks";
				PRODUCT_NAME = "$(TARGET_NAME)";
				TEST_HOST = "$(BUILT_PRODUCTS_DIR)/Where Are They From?.app/Where Are They From?";
			};
			name = Release;
		};
/* End XCBuildConfiguration section */

/* Begin XCConfigurationList section */
		28A4B29A1BB20A3A007F35CD /* Build configuration list for PBXProject "Where Are They From?" */ = {
			isa = XCConfigurationList;
			buildConfigurations = (
				28A4B2BF1BB20A3B007F35CD /* Debug */,
				28A4B2C01BB20A3B007F35CD /* Release */,
			);
			defaultConfigurationIsVisible = 0;
			defaultConfigurationName = Release;
		};
		28A4B2C11BB20A3B007F35CD /* Build configuration list for PBXNativeTarget "Where Are They From?" */ = {
			isa = XCConfigurationList;
			buildConfigurations = (
				28A4B2C21BB20A3B007F35CD /* Debug */,
				28A4B2C31BB20A3B007F35CD /* Release */,
			);
			defaultConfigurationIsVisible = 0;
		};
		28A4B2C41BB20A3B007F35CD /* Build configuration list for PBXNativeTarget "Where Are They From?Tests" */ = {
			isa = XCConfigurationList;
			buildConfigurations = (
				28A4B2C51BB20A3B007F35CD /* Debug */,
				28A4B2C61BB20A3B007F35CD /* Release */,
			);
			defaultConfigurationIsVisible = 0;
		};
/* End XCConfigurationList section */

/* Begin XCVersionGroup section */
		28A4B2A61BB20A3B007F35CD /* Where_Are_They_From_.xcdatamodeld */ = {
			isa = XCVersionGroup;
			children = (
				28A4B2A71BB20A3B007F35CD /* Where_Are_They_From_.xcdatamodel */,
			);
			currentVersion = 28A4B2A71BB20A3B007F35CD /* Where_Are_They_From_.xcdatamodel */;
			path = Where_Are_They_From_.xcdatamodeld;
			sourceTree = "<group>";
			versionGroupType = wrapper.xcdatamodel;
		};
/* End XCVersionGroup section */
	};
	rootObject = 28A4B2971BB20A3A007F35CD /* Project object */;
}
